
Microsoft Visual Studio Solution File, Format Version 12.00
# Visual Studio Version 17
VisualStudioVersion = 17.0.31903.59
MinimumVisualStudioVersion = 10.0.40219.1
Project("{FAE04EC0-301F-11D3-BF4B-00C04F79EFBC}") = "MessageFlow.Handlers", "MessageFlow.Handlers\MessageFlow.Handlers.csproj", "{F36B0D56-4D94-4ACD-8D0F-4D6D9566493C}"
EndProject
Project("{2150E333-8FDC-42A3-9474-1A3956D46DE8}") = "MessageFlow.Kafka", "MessageFlow.Kafka", "{4968F26A-831E-215F-A623-A3C823D99640}"
EndProject
Project("{FAE04EC0-301F-11D3-BF4B-00C04F79EFBC}") = "Messaging.Kafka", "MessageFlow.Kafka\Messaging.Kafka.csproj", "{FA1D6BE0-33F3-49FC-810F-DBE4495588F3}"
EndProject
Global
	GlobalSection(SolutionConfigurationPlatforms) = preSolution
		Debug|Any CPU = Debug|Any CPU
		Debug|x64 = Debug|x64
		Debug|x86 = Debug|x86
		Release|Any CPU = Release|Any CPU
		Release|x64 = Release|x64
		Release|x86 = Release|x86
	EndGlobalSection
	GlobalSection(ProjectConfigurationPlatforms) = postSolution
		{F36B0D56-4D94-4ACD-8D0F-4D6D9566493C}.Debug|Any CPU.ActiveCfg = Debug|Any CPU
		{F36B0D56-4D94-4ACD-8D0F-4D6D9566493C}.Debug|Any CPU.Build.0 = Debug|Any CPU
		{F36B0D56-4D94-4ACD-8D0F-4D6D9566493C}.Debug|x64.ActiveCfg = Debug|Any CPU
		{F36B0D56-4D94-4ACD-8D0F-4D6D9566493C}.Debug|x64.Build.0 = Debug|Any CPU
		{F36B0D56-4D94-4ACD-8D0F-4D6D9566493C}.Debug|x86.ActiveCfg = Debug|Any CPU
		{F36B0D56-4D94-4ACD-8D0F-4D6D9566493C}.Debug|x86.Build.0 = Debug|Any CPU
		{F36B0D56-4D94-4ACD-8D0F-4D6D9566493C}.Release|Any CPU.ActiveCfg = Release|Any CPU
		{F36B0D56-4D94-4ACD-8D0F-4D6D9566493C}.Release|Any CPU.Build.0 = Release|Any CPU
		{F36B0D56-4D94-4ACD-8D0F-4D6D9566493C}.Release|x64.ActiveCfg = Release|Any CPU
		{F36B0D56-4D94-4ACD-8D0F-4D6D9566493C}.Release|x64.Build.0 = Release|Any CPU
		{F36B0D56-4D94-4ACD-8D0F-4D6D9566493C}.Release|x86.ActiveCfg = Release|Any CPU
		{F36B0D56-4D94-4ACD-8D0F-4D6D9566493C}.Release|x86.Build.0 = Release|Any CPU
		{FA1D6BE0-33F3-49FC-810F-DBE4495588F3}.Debug|Any CPU.ActiveCfg = Debug|Any CPU
		{FA1D6BE0-33F3-49FC-810F-DBE4495588F3}.Debug|Any CPU.Build.0 = Debug|Any CPU
		{FA1D6BE0-33F3-49FC-810F-DBE4495588F3}.Debug|x64.ActiveCfg = Debug|Any CPU
		{FA1D6BE0-33F3-49FC-810F-DBE4495588F3}.Debug|x64.Build.0 = Debug|Any CPU
		{FA1D6BE0-33F3-49FC-810F-DBE4495588F3}.Debug|x86.ActiveCfg = Debug|Any CPU
		{FA1D6BE0-33F3-49FC-810F-DBE4495588F3}.Debug|x86.Build.0 = Debug|Any CPU
		{FA1D6BE0-33F3-49FC-810F-DBE4495588F3}.Release|Any CPU.ActiveCfg = Release|Any CPU
		{FA1D6BE0-33F3-49FC-810F-DBE4495588F3}.Release|Any CPU.Build.0 = Release|Any CPU
		{FA1D6BE0-33F3-49FC-810F-DBE4495588F3}.Release|x64.ActiveCfg = Release|Any CPU
		{FA1D6BE0-33F3-49FC-810F-DBE4495588F3}.Release|x64.Build.0 = Release|Any CPU
		{FA1D6BE0-33F3-49FC-810F-DBE4495588F3}.Release|x86.ActiveCfg = Release|Any CPU
		{FA1D6BE0-33F3-49FC-810F-DBE4495588F3}.Release|x86.Build.0 = Release|Any CPU
	EndGlobalSection
	GlobalSection(SolutionProperties) = preSolution
		HideSolutionNode = FALSE
	EndGlobalSection
	GlobalSection(NestedProjects) = preSolution
		{FA1D6BE0-33F3-49FC-810F-DBE4495588F3} = {4968F26A-831E-215F-A623-A3C823D99640}
	EndGlobalSection
EndGlobal
